
Microsoft Visual Studio Solution File, Format Version 12.00
# Visual Studio 15
Project("{FAE04EC0-301F-11D3-BF4B-00C04F79EFBC}") = "Mirror", "Mirror.csproj", "{E54145E4-DD65-350B-2606-F09DA57FCE15}"
EndProject
Project("{FAE04EC0-301F-11D3-BF4B-00C04F79EFBC}") = "Edgegap", "Edgegap.csproj", "{96D15C94-11E1-3BAB-8EBA-C99E13509F64}"
EndProject
Project("{FAE04EC0-301F-11D3-BF4B-00C04F79EFBC}") = "Unity.Mirror.CodeGen", "Unity.Mirror.CodeGen.csproj", "{F4B4735E-FD92-5951-8250-656B5874DE17}"
EndProject
Project("{FAE04EC0-301F-11D3-BF4B-00C04F79EFBC}") = "Mirror.Components", "Mirror.Components.csproj", "{27918BBD-97F8-3655-5FF1-6668D2507A26}"
EndProject
Project("{FAE04EC0-301F-11D3-BF4B-00C04F79EFBC}") = "Mirror.Examples", "Mirror.Examples.csproj", "{E1E12DCA-F090-491F-7C70-8943E4A6112E}"
EndProject
Project("{FAE04EC0-301F-11D3-BF4B-00C04F79EFBC}") = "Mirror.Editor", "Mirror.Editor.csproj", "{0C222585-4F75-B978-6FE4-0FB2DDAFC9F3}"
EndProject
Project("{FAE04EC0-301F-11D3-BF4B-00C04F79EFBC}") = "Mirror.Transports", "Mirror.Transports.csproj", "{0D3CE4FC-F13A-E144-3CFD-E66D80657D44}"
EndProject
Project("{FAE04EC0-301F-11D3-BF4B-00C04F79EFBC}") = "ParrelSync", "ParrelSync.csproj", "{DD9AD6EE-5FFA-CB56-F4A1-35E7A96429C0}"
EndProject
Project("{FAE04EC0-301F-11D3-BF4B-00C04F79EFBC}") = "Assembly-CSharp", "Assembly-CSharp.csproj", "{EA75536B-E64B-E15C-885E-3F673A504A3C}"
EndProject
Project("{FAE04EC0-301F-11D3-BF4B-00C04F79EFBC}") = "kcp2k", "kcp2k.csproj", "{93A23D19-654D-76F5-9E19-689BD7CA2D43}"
EndProject
Project("{FAE04EC0-301F-11D3-BF4B-00C04F79EFBC}") = "SimpleWebTransport", "SimpleWebTransport.csproj", "{10F33571-4F80-F83F-F99C-5832AAF4C0A6}"
EndProject
Project("{FAE04EC0-301F-11D3-BF4B-00C04F79EFBC}") = "Mirror.Authenticators", "Mirror.Authenticators.csproj", "{E9ABE14D-EF6D-695C-166A-F420115183AE}"
EndProject
Project("{FAE04EC0-301F-11D3-BF4B-00C04F79EFBC}") = "EncryptionTransportEditor", "EncryptionTransportEditor.csproj", "{4CE58209-533A-752E-2C6E-25E5C8E7610C}"
EndProject
Project("{FAE04EC0-301F-11D3-BF4B-00C04F79EFBC}") = "Telepathy", "Telepathy.csproj", "{243C83BE-265D-8E52-1E6C-55A79BAB4011}"
EndProject
Project("{FAE04EC0-301F-11D3-BF4B-00C04F79EFBC}") = "Mirror.CompilerSymbols", "Mirror.CompilerSymbols.csproj", "{82BB1443-583D-9675-4DDF-D0AC9107CB8F}"
EndProject
Global
	GlobalSection(SolutionConfigurationPlatforms) = preSolution
		Debug|Any CPU = Debug|Any CPU
		Release|Any CPU = Release|Any CPU
	EndGlobalSection
	GlobalSection(ProjectConfigurationPlatforms) = postSolution
		{E54145E4-DD65-350B-2606-F09DA57FCE15}.Debug|Any CPU.ActiveCfg = Debug|Any CPU
		{E54145E4-DD65-350B-2606-F09DA57FCE15}.Debug|Any CPU.Build.0 = Debug|Any CPU
		{E54145E4-DD65-350B-2606-F09DA57FCE15}.Release|Any CPU.ActiveCfg = Release|Any CPU
		{E54145E4-DD65-350B-2606-F09DA57FCE15}.Release|Any CPU.Build.0 = Release|Any CPU
		{96D15C94-11E1-3BAB-8EBA-C99E13509F64}.Debug|Any CPU.ActiveCfg = Debug|Any CPU
		{96D15C94-11E1-3BAB-8EBA-C99E13509F64}.Debug|Any CPU.Build.0 = Debug|Any CPU
		{96D15C94-11E1-3BAB-8EBA-C99E13509F64}.Release|Any CPU.ActiveCfg = Release|Any CPU
		{96D15C94-11E1-3BAB-8EBA-C99E13509F64}.Release|Any CPU.Build.0 = Release|Any CPU
		{F4B4735E-FD92-5951-8250-656B5874DE17}.Debug|Any CPU.ActiveCfg = Debug|Any CPU
		{F4B4735E-FD92-5951-8250-656B5874DE17}.Debug|Any CPU.Build.0 = Debug|Any CPU
		{F4B4735E-FD92-5951-8250-656B5874DE17}.Release|Any CPU.ActiveCfg = Release|Any CPU
		{F4B4735E-FD92-5951-8250-656B5874DE17}.Release|Any CPU.Build.0 = Release|Any CPU
		{27918BBD-97F8-3655-5FF1-6668D2507A26}.Debug|Any CPU.ActiveCfg = Debug|Any CPU
		{27918BBD-97F8-3655-5FF1-6668D2507A26}.Debug|Any CPU.Build.0 = Debug|Any CPU
		{27918BBD-97F8-3655-5FF1-6668D2507A26}.Release|Any CPU.ActiveCfg = Release|Any CPU
		{27918BBD-97F8-3655-5FF1-6668D2507A26}.Release|Any CPU.Build.0 = Release|Any CPU
		{E1E12DCA-F090-491F-7C70-8943E4A6112E}.Debug|Any CPU.ActiveCfg = Debug|Any CPU
		{E1E12DCA-F090-491F-7C70-8943E4A6112E}.Debug|Any CPU.Build.0 = Debug|Any CPU
		{E1E12DCA-F090-491F-7C70-8943E4A6112E}.Release|Any CPU.ActiveCfg = Release|Any CPU
		{E1E12DCA-F090-491F-7C70-8943E4A6112E}.Release|Any CPU.Build.0 = Release|Any CPU
		{0C222585-4F75-B978-6FE4-0FB2DDAFC9F3}.Debug|Any CPU.ActiveCfg = Debug|Any CPU
		{0C222585-4F75-B978-6FE4-0FB2DDAFC9F3}.Debug|Any CPU.Build.0 = Debug|Any CPU
		{0C222585-4F75-B978-6FE4-0FB2DDAFC9F3}.Release|Any CPU.ActiveCfg = Release|Any CPU
		{0C222585-4F75-B978-6FE4-0FB2DDAFC9F3}.Release|Any CPU.Build.0 = Release|Any CPU
		{0D3CE4FC-F13A-E144-3CFD-E66D80657D44}.Debug|Any CPU.ActiveCfg = Debug|Any CPU
		{0D3CE4FC-F13A-E144-3CFD-E66D80657D44}.Debug|Any CPU.Build.0 = Debug|Any CPU
		{0D3CE4FC-F13A-E144-3CFD-E66D80657D44}.Release|Any CPU.ActiveCfg = Release|Any CPU
		{0D3CE4FC-F13A-E144-3CFD-E66D80657D44}.Release|Any CPU.Build.0 = Release|Any CPU
		{DD9AD6EE-5FFA-CB56-F4A1-35E7A96429C0}.Debug|Any CPU.ActiveCfg = Debug|Any CPU
		{DD9AD6EE-5FFA-CB56-F4A1-35E7A96429C0}.Debug|Any CPU.Build.0 = Debug|Any CPU
		{DD9AD6EE-5FFA-CB56-F4A1-35E7A96429C0}.Release|Any CPU.ActiveCfg = Release|Any CPU
		{DD9AD6EE-5FFA-CB56-F4A1-35E7A96429C0}.Release|Any CPU.Build.0 = Release|Any CPU
		{EA75536B-E64B-E15C-885E-3F673A504A3C}.Debug|Any CPU.ActiveCfg = Debug|Any CPU
		{EA75536B-E64B-E15C-885E-3F673A504A3C}.Debug|Any CPU.Build.0 = Debug|Any CPU
		{EA75536B-E64B-E15C-885E-3F673A504A3C}.Release|Any CPU.ActiveCfg = Release|Any CPU
		{EA75536B-E64B-E15C-885E-3F673A504A3C}.Release|Any CPU.Build.0 = Release|Any CPU
		{93A23D19-654D-76F5-9E19-689BD7CA2D43}.Debug|Any CPU.ActiveCfg = Debug|Any CPU
		{93A23D19-654D-76F5-9E19-689BD7CA2D43}.Debug|Any CPU.Build.0 = Debug|Any CPU
		{93A23D19-654D-76F5-9E19-689BD7CA2D43}.Release|Any CPU.ActiveCfg = Release|Any CPU
		{93A23D19-654D-76F5-9E19-689BD7CA2D43}.Release|Any CPU.Build.0 = Release|Any CPU
		{10F33571-4F80-F83F-F99C-5832AAF4C0A6}.Debug|Any CPU.ActiveCfg = Debug|Any CPU
		{10F33571-4F80-F83F-F99C-5832AAF4C0A6}.Debug|Any CPU.Build.0 = Debug|Any CPU
		{10F33571-4F80-F83F-F99C-5832AAF4C0A6}.Release|Any CPU.ActiveCfg = Release|Any CPU
		{10F33571-4F80-F83F-F99C-5832AAF4C0A6}.Release|Any CPU.Build.0 = Release|Any CPU
		{E9ABE14D-EF6D-695C-166A-F420115183AE}.Debug|Any CPU.ActiveCfg = Debug|Any CPU
		{E9ABE14D-EF6D-695C-166A-F420115183AE}.Debug|Any CPU.Build.0 = Debug|Any CPU
		{E9ABE14D-EF6D-695C-166A-F420115183AE}.Release|Any CPU.ActiveCfg = Release|Any CPU
		{E9ABE14D-EF6D-695C-166A-F420115183AE}.Release|Any CPU.Build.0 = Release|Any CPU
		{4CE58209-533A-752E-2C6E-25E5C8E7610C}.Debug|Any CPU.ActiveCfg = Debug|Any CPU
		{4CE58209-533A-752E-2C6E-25E5C8E7610C}.Debug|Any CPU.Build.0 = Debug|Any CPU
		{4CE58209-533A-752E-2C6E-25E5C8E7610C}.Release|Any CPU.ActiveCfg = Release|Any CPU
		{4CE58209-533A-752E-2C6E-25E5C8E7610C}.Release|Any CPU.Build.0 = Release|Any CPU
		{243C83BE-265D-8E52-1E6C-55A79BAB4011}.Debug|Any CPU.ActiveCfg = Debug|Any CPU
		{243C83BE-265D-8E52-1E6C-55A79BAB4011}.Debug|Any CPU.Build.0 = Debug|Any CPU
		{243C83BE-265D-8E52-1E6C-55A79BAB4011}.Release|Any CPU.ActiveCfg = Release|Any CPU
		{243C83BE-265D-8E52-1E6C-55A79BAB4011}.Release|Any CPU.Build.0 = Release|Any CPU
		{82BB1443-583D-9675-4DDF-D0AC9107CB8F}.Debug|Any CPU.ActiveCfg = Debug|Any CPU
		{82BB1443-583D-9675-4DDF-D0AC9107CB8F}.Debug|Any CPU.Build.0 = Debug|Any CPU
		{82BB1443-583D-9675-4DDF-D0AC9107CB8F}.Release|Any CPU.ActiveCfg = Release|Any CPU
		{82BB1443-583D-9675-4DDF-D0AC9107CB8F}.Release|Any CPU.Build.0 = Release|Any CPU
	EndGlobalSection
	GlobalSection(SolutionProperties) = preSolution
		HideSolutionNode = FALSE
	EndGlobalSection
EndGlobal
